// !$*UTF8*$!
{
	archiveVersion = 1;
	classes = {
	};
	objectVersion = 55;
	objects = {

/* Begin PBXBuildFile section */
		1D7C28FD279150470040588E /* ToMatcho.storyboard in Resources */ = {isa = PBXBuildFile; fileRef = 1D7C28FC279150470040588E /* ToMatcho.storyboard */; };
		1DAF580A27A12AC600DD373C /* UserAllGameViewController.swift in Sources */ = {isa = PBXBuildFile; fileRef = 1DAF580927A12AC600DD373C /* UserAllGameViewController.swift */; };
		1DAF580C27A138F200DD373C /* AddTeamViewController.swift in Sources */ = {isa = PBXBuildFile; fileRef = 1DAF580B27A138F200DD373C /* AddTeamViewController.swift */; };
		1DAF581027A161A700DD373C /* AddTeamRolesViewController.swift in Sources */ = {isa = PBXBuildFile; fileRef = 1DAF580F27A161A700DD373C /* AddTeamRolesViewController.swift */; };
		1DAF581227A161F900DD373C /* TeamRoles.swift in Sources */ = {isa = PBXBuildFile; fileRef = 1DAF581127A161F900DD373C /* TeamRoles.swift */; };
		1DAF581427A16C4B00DD373C /* TeamRolesController.swift in Sources */ = {isa = PBXBuildFile; fileRef = 1DAF581327A16C4B00DD373C /* TeamRolesController.swift */; };
		1DAF581627A18A8E00DD373C /* AddTeamTableViewController.swift in Sources */ = {isa = PBXBuildFile; fileRef = 1DAF581527A18A8E00DD373C /* AddTeamTableViewController.swift */; };
		7B8A0D7327A63BBD008BE314 /* JoinTeamViewController.swift in Sources */ = {isa = PBXBuildFile; fileRef = 7B8A0D7227A63BBD008BE314 /* JoinTeamViewController.swift */; };
		7B90B4C727A586B900E8E680 /* UserAllTeamViewController.swift in Sources */ = {isa = PBXBuildFile; fileRef = 7B90B4C627A586B900E8E680 /* UserAllTeamViewController.swift */; };
		B40F76AD279A47CC006F5191 /* Admin.storyboard in Resources */ = {isa = PBXBuildFile; fileRef = B40F76AC279A47CC006F5191 /* Admin.storyboard */; };
		B41AF6E627A563B500936F73 /* UserTeamViewController.swift in Sources */ = {isa = PBXBuildFile; fileRef = B41AF6E527A563B500936F73 /* UserTeamViewController.swift */; };
		B42894B127A0F43600FB8403 /* AddGameViewController.swift in Sources */ = {isa = PBXBuildFile; fileRef = B42894B027A0F43600FB8403 /* AddGameViewController.swift */; };
		B4311EBB27911D6F000EC348 /* AppDelegate.swift in Sources */ = {isa = PBXBuildFile; fileRef = B4311EBA27911D6F000EC348 /* AppDelegate.swift */; };
		B4311EBD27911D6F000EC348 /* SceneDelegate.swift in Sources */ = {isa = PBXBuildFile; fileRef = B4311EBC27911D6F000EC348 /* SceneDelegate.swift */; };
		B4311EBF27911D6F000EC348 /* ViewController.swift in Sources */ = {isa = PBXBuildFile; fileRef = B4311EBE27911D6F000EC348 /* ViewController.swift */; };
		B4311EC227911D6F000EC348 /* Main.storyboard in Resources */ = {isa = PBXBuildFile; fileRef = B4311EC027911D6F000EC348 /* Main.storyboard */; };
		B4311EC527911D6F000EC348 /* ToMatcho.xcdatamodeld in Sources */ = {isa = PBXBuildFile; fileRef = B4311EC327911D6F000EC348 /* ToMatcho.xcdatamodeld */; };
		B4311EC727911D71000EC348 /* Assets.xcassets in Resources */ = {isa = PBXBuildFile; fileRef = B4311EC627911D71000EC348 /* Assets.xcassets */; };
		B4311ECA27911D71000EC348 /* LaunchScreen.storyboard in Resources */ = {isa = PBXBuildFile; fileRef = B4311EC827911D71000EC348 /* LaunchScreen.storyboard */; };
		B43E934E279D2105006DE37C /* AllGameViewController.swift in Sources */ = {isa = PBXBuildFile; fileRef = B43E934D279D2105006DE37C /* AllGameViewController.swift */; };
		B43E9350279D2950006DE37C /* Game.swift in Sources */ = {isa = PBXBuildFile; fileRef = B43E934F279D2950006DE37C /* Game.swift */; };
		B4463D7F27A4FFF300CC8BFB /* FirebaseAnalytics in Frameworks */ = {isa = PBXBuildFile; productRef = B4463D7E27A4FFF300CC8BFB /* FirebaseAnalytics */; };
		B4463D8127A4FFF300CC8BFB /* FirebaseAuth in Frameworks */ = {isa = PBXBuildFile; productRef = B4463D8027A4FFF300CC8BFB /* FirebaseAuth */; };
		B4463D8327A4FFF300CC8BFB /* FirebaseDatabase in Frameworks */ = {isa = PBXBuildFile; productRef = B4463D8227A4FFF300CC8BFB /* FirebaseDatabase */; };
		B4463D8527A4FFF300CC8BFB /* FirebaseFirestore in Frameworks */ = {isa = PBXBuildFile; productRef = B4463D8427A4FFF300CC8BFB /* FirebaseFirestore */; };
		B447E8E327968A570000E862 /* GoogleService-Info.plist in Resources */ = {isa = PBXBuildFile; fileRef = B447E8E227968A570000E862 /* GoogleService-Info.plist */; };
		B447E8E527968D190000E862 /* LoginViewController.swift in Sources */ = {isa = PBXBuildFile; fileRef = B447E8E427968D190000E862 /* LoginViewController.swift */; };
		B447E8E727968E840000E862 /* RegisterViewController.swift in Sources */ = {isa = PBXBuildFile; fileRef = B447E8E627968E840000E862 /* RegisterViewController.swift */; };
		B447E8E92796B5FF0000E862 /* TestViewController.swift in Sources */ = {isa = PBXBuildFile; fileRef = B447E8E82796B5FF0000E862 /* TestViewController.swift */; };
		B49F8D7D27A6AA4800F7DCA1 /* RoleSelectionViewController.swift in Sources */ = {isa = PBXBuildFile; fileRef = B49F8D7C27A6AA4800F7DCA1 /* RoleSelectionViewController.swift */; };
		B4A7E27127A534CC00470A9C /* MyTeamsViewController.swift in Sources */ = {isa = PBXBuildFile; fileRef = B4A7E27027A534CC00470A9C /* MyTeamsViewController.swift */; };
		B4A7E27327A5365500470A9C /* Teams.swift in Sources */ = {isa = PBXBuildFile; fileRef = B4A7E27227A5365500470A9C /* Teams.swift */; };
		B4F3EE0D27A162B900A54FA4 /* icon (1).png in Resources */ = {isa = PBXBuildFile; fileRef = B4F3EE0C27A162B800A54FA4 /* icon (1).png */; };
/* End PBXBuildFile section */

/* Begin PBXContainerItemProxy section */
		B4311ED127911D72000EC348 /* PBXContainerItemProxy */ = {
			isa = PBXContainerItemProxy;
			containerPortal = B4311EAF27911D6F000EC348 /* Project object */;
			proxyType = 1;
			remoteGlobalIDString = B4311EB627911D6F000EC348;
			remoteInfo = ToMatcho;
		};
		B4311EDB27911D72000EC348 /* PBXContainerItemProxy */ = {
			isa = PBXContainerItemProxy;
			containerPortal = B4311EAF27911D6F000EC348 /* Project object */;
			proxyType = 1;
			remoteGlobalIDString = B4311EB627911D6F000EC348;
			remoteInfo = ToMatcho;
		};
/* End PBXContainerItemProxy section */

/* Begin PBXFileReference section */
		1D7C28FC279150470040588E /* ToMatcho.storyboard */ = {isa = PBXFileReference; lastKnownFileType = file.storyboard; path = ToMatcho.storyboard; sourceTree = "<group>"; };
		1DAF580927A12AC600DD373C /* UserAllGameViewController.swift */ = {isa = PBXFileReference; lastKnownFileType = sourcecode.swift; path = UserAllGameViewController.swift; sourceTree = "<group>"; };
		1DAF580B27A138F200DD373C /* AddTeamViewController.swift */ = {isa = PBXFileReference; lastKnownFileType = sourcecode.swift; path = AddTeamViewController.swift; sourceTree = "<group>"; };
		1DAF580F27A161A700DD373C /* AddTeamRolesViewController.swift */ = {isa = PBXFileReference; lastKnownFileType = sourcecode.swift; path = AddTeamRolesViewController.swift; sourceTree = "<group>"; };
		1DAF581127A161F900DD373C /* TeamRoles.swift */ = {isa = PBXFileReference; lastKnownFileType = sourcecode.swift; path = TeamRoles.swift; sourceTree = "<group>"; };
		1DAF581327A16C4B00DD373C /* TeamRolesController.swift */ = {isa = PBXFileReference; lastKnownFileType = sourcecode.swift; path = TeamRolesController.swift; sourceTree = "<group>"; };
		1DAF581527A18A8E00DD373C /* AddTeamTableViewController.swift */ = {isa = PBXFileReference; lastKnownFileType = sourcecode.swift; path = AddTeamTableViewController.swift; sourceTree = "<group>"; };
		7B8A0D7227A63BBD008BE314 /* JoinTeamViewController.swift */ = {isa = PBXFileReference; lastKnownFileType = sourcecode.swift; path = JoinTeamViewController.swift; sourceTree = "<group>"; };
		7B90B4C627A586B900E8E680 /* UserAllTeamViewController.swift */ = {isa = PBXFileReference; lastKnownFileType = sourcecode.swift; path = UserAllTeamViewController.swift; sourceTree = "<group>"; };
		B40F76AC279A47CC006F5191 /* Admin.storyboard */ = {isa = PBXFileReference; lastKnownFileType = file.storyboard; path = Admin.storyboard; sourceTree = "<group>"; };
		B41AF6E527A563B500936F73 /* UserTeamViewController.swift */ = {isa = PBXFileReference; lastKnownFileType = sourcecode.swift; path = UserTeamViewController.swift; sourceTree = "<group>"; };
		B42894B027A0F43600FB8403 /* AddGameViewController.swift */ = {isa = PBXFileReference; lastKnownFileType = sourcecode.swift; path = AddGameViewController.swift; sourceTree = "<group>"; };
		B4311EB727911D6F000EC348 /* ToMatcho.app */ = {isa = PBXFileReference; explicitFileType = wrapper.application; includeInIndex = 0; path = ToMatcho.app; sourceTree = BUILT_PRODUCTS_DIR; };
		B4311EBA27911D6F000EC348 /* AppDelegate.swift */ = {isa = PBXFileReference; lastKnownFileType = sourcecode.swift; path = AppDelegate.swift; sourceTree = "<group>"; };
		B4311EBC27911D6F000EC348 /* SceneDelegate.swift */ = {isa = PBXFileReference; lastKnownFileType = sourcecode.swift; path = SceneDelegate.swift; sourceTree = "<group>"; };
		B4311EBE27911D6F000EC348 /* ViewController.swift */ = {isa = PBXFileReference; lastKnownFileType = sourcecode.swift; path = ViewController.swift; sourceTree = "<group>"; };
		B4311EC127911D6F000EC348 /* Base */ = {isa = PBXFileReference; lastKnownFileType = file.storyboard; name = Base; path = Base.lproj/Main.storyboard; sourceTree = "<group>"; };
		B4311EC427911D6F000EC348 /* ToMatcho.xcdatamodel */ = {isa = PBXFileReference; lastKnownFileType = wrapper.xcdatamodel; path = ToMatcho.xcdatamodel; sourceTree = "<group>"; };
		B4311EC627911D71000EC348 /* Assets.xcassets */ = {isa = PBXFileReference; lastKnownFileType = folder.assetcatalog; path = Assets.xcassets; sourceTree = "<group>"; };
		B4311EC927911D71000EC348 /* Base */ = {isa = PBXFileReference; lastKnownFileType = file.storyboard; name = Base; path = Base.lproj/LaunchScreen.storyboard; sourceTree = "<group>"; };
		B4311ECB27911D71000EC348 /* Info.plist */ = {isa = PBXFileReference; lastKnownFileType = text.plist.xml; path = Info.plist; sourceTree = "<group>"; };
		B4311ED027911D72000EC348 /* ToMatchoTests.xctest */ = {isa = PBXFileReference; explicitFileType = wrapper.cfbundle; includeInIndex = 0; path = ToMatchoTests.xctest; sourceTree = BUILT_PRODUCTS_DIR; };
		B4311EDA27911D72000EC348 /* ToMatchoUITests.xctest */ = {isa = PBXFileReference; explicitFileType = wrapper.cfbundle; includeInIndex = 0; path = ToMatchoUITests.xctest; sourceTree = BUILT_PRODUCTS_DIR; };
		B43E934D279D2105006DE37C /* AllGameViewController.swift */ = {isa = PBXFileReference; lastKnownFileType = sourcecode.swift; path = AllGameViewController.swift; sourceTree = "<group>"; };
		B43E934F279D2950006DE37C /* Game.swift */ = {isa = PBXFileReference; lastKnownFileType = sourcecode.swift; path = Game.swift; sourceTree = "<group>"; };
		B447E8E227968A570000E862 /* GoogleService-Info.plist */ = {isa = PBXFileReference; fileEncoding = 4; lastKnownFileType = text.plist.xml; path = "GoogleService-Info.plist"; sourceTree = "<group>"; };
		B447E8E427968D190000E862 /* LoginViewController.swift */ = {isa = PBXFileReference; lastKnownFileType = sourcecode.swift; path = LoginViewController.swift; sourceTree = "<group>"; };
		B447E8E627968E840000E862 /* RegisterViewController.swift */ = {isa = PBXFileReference; lastKnownFileType = sourcecode.swift; path = RegisterViewController.swift; sourceTree = "<group>"; };
		B447E8E82796B5FF0000E862 /* TestViewController.swift */ = {isa = PBXFileReference; lastKnownFileType = sourcecode.swift; path = TestViewController.swift; sourceTree = "<group>"; };
		B49F8D7C27A6AA4800F7DCA1 /* RoleSelectionViewController.swift */ = {isa = PBXFileReference; lastKnownFileType = sourcecode.swift; path = RoleSelectionViewController.swift; sourceTree = "<group>"; };
		B4A7E27027A534CC00470A9C /* MyTeamsViewController.swift */ = {isa = PBXFileReference; lastKnownFileType = sourcecode.swift; path = MyTeamsViewController.swift; sourceTree = "<group>"; };
		B4A7E27227A5365500470A9C /* Teams.swift */ = {isa = PBXFileReference; lastKnownFileType = sourcecode.swift; path = Teams.swift; sourceTree = "<group>"; };
		B4F3EE0C27A162B800A54FA4 /* icon (1).png */ = {isa = PBXFileReference; lastKnownFileType = image.png; path = "icon (1).png"; sourceTree = "<group>"; };
/* End PBXFileReference section */

/* Begin PBXFrameworksBuildPhase section */
		B4311EB427911D6F000EC348 /* Frameworks */ = {
			isa = PBXFrameworksBuildPhase;
			buildActionMask = 2147483647;
			files = (
				B4463D8327A4FFF300CC8BFB /* FirebaseDatabase in Frameworks */,
				B4463D8527A4FFF300CC8BFB /* FirebaseFirestore in Frameworks */,
				B4463D7F27A4FFF300CC8BFB /* FirebaseAnalytics in Frameworks */,
				B4463D8127A4FFF300CC8BFB /* FirebaseAuth in Frameworks */,
			);
			runOnlyForDeploymentPostprocessing = 0;
		};
		B4311ECD27911D72000EC348 /* Frameworks */ = {
			isa = PBXFrameworksBuildPhase;
			buildActionMask = 2147483647;
			files = (
			);
			runOnlyForDeploymentPostprocessing = 0;
		};
		B4311ED727911D72000EC348 /* Frameworks */ = {
			isa = PBXFrameworksBuildPhase;
			buildActionMask = 2147483647;
			files = (
			);
			runOnlyForDeploymentPostprocessing = 0;
		};
/* End PBXFrameworksBuildPhase section */

/* Begin PBXGroup section */
		5C7E814C91BABAD1AFC8C2DA /* Pods */ = {
			isa = PBXGroup;
			children = (
			);
			path = Pods;
			sourceTree = "<group>";
		};
		B4311EAE27911D6F000EC348 = {
			isa = PBXGroup;
			children = (
				B4311EB927911D6F000EC348 /* ToMatcho */,
				B4311EB827911D6F000EC348 /* Products */,
				5C7E814C91BABAD1AFC8C2DA /* Pods */,
			);
			sourceTree = "<group>";
		};
		B4311EB827911D6F000EC348 /* Products */ = {
			isa = PBXGroup;
			children = (
				B4311EB727911D6F000EC348 /* ToMatcho.app */,
				B4311ED027911D72000EC348 /* ToMatchoTests.xctest */,
				B4311EDA27911D72000EC348 /* ToMatchoUITests.xctest */,
			);
			name = Products;
			sourceTree = "<group>";
		};
		B4311EB927911D6F000EC348 /* ToMatcho */ = {
			isa = PBXGroup;
			children = (
				B4311EBA27911D6F000EC348 /* AppDelegate.swift */,
				B4311EBC27911D6F000EC348 /* SceneDelegate.swift */,
				B42894B027A0F43600FB8403 /* AddGameViewController.swift */,
				B43E934D279D2105006DE37C /* AllGameViewController.swift */,
				B43E934F279D2950006DE37C /* Game.swift */,
				B4A7E27227A5365500470A9C /* Teams.swift */,
				B4311EBE27911D6F000EC348 /* ViewController.swift */,
				B447E8E427968D190000E862 /* LoginViewController.swift */,
				B447E8E627968E840000E862 /* RegisterViewController.swift */,
				B40F76AC279A47CC006F5191 /* Admin.storyboard */,
				1DAF580927A12AC600DD373C /* UserAllGameViewController.swift */,
				7B90B4C627A586B900E8E680 /* UserAllTeamViewController.swift */,
				B4311EC027911D6F000EC348 /* Main.storyboard */,
				1D7C28FC279150470040588E /* ToMatcho.storyboard */,
				B49F8D7C27A6AA4800F7DCA1 /* RoleSelectionViewController.swift */,
				7B8A0D7227A63BBD008BE314 /* JoinTeamViewController.swift */,
				B4A7E27027A534CC00470A9C /* MyTeamsViewController.swift */,
				B41AF6E527A563B500936F73 /* UserTeamViewController.swift */,
				1DAF580F27A161A700DD373C /* AddTeamRolesViewController.swift */,
				1DAF581327A16C4B00DD373C /* TeamRolesController.swift */,
				1DAF581127A161F900DD373C /* TeamRoles.swift */,
				1DAF580B27A138F200DD373C /* AddTeamViewController.swift */,
				1DAF581527A18A8E00DD373C /* AddTeamTableViewController.swift */,
				B447E8E82796B5FF0000E862 /* TestViewController.swift */,
				B4311EC627911D71000EC348 /* Assets.xcassets */,
				B4F3EE0C27A162B800A54FA4 /* icon (1).png */,
				B447E8E227968A570000E862 /* GoogleService-Info.plist */,
				B4311EC827911D71000EC348 /* LaunchScreen.storyboard */,
				B4311ECB27911D71000EC348 /* Info.plist */,
				B4311EC327911D6F000EC348 /* ToMatcho.xcdatamodeld */,
			);
			path = ToMatcho;
			sourceTree = "<group>";
		};
/* End PBXGroup section */

/* Begin PBXNativeTarget section */
		B4311EB627911D6F000EC348 /* ToMatcho */ = {
			isa = PBXNativeTarget;
			buildConfigurationList = B4311EE427911D72000EC348 /* Build configuration list for PBXNativeTarget "ToMatcho" */;
			buildPhases = (
				B4311EB327911D6F000EC348 /* Sources */,
				B4311EB427911D6F000EC348 /* Frameworks */,
				B4311EB527911D6F000EC348 /* Resources */,
			);
			buildRules = (
			);
			dependencies = (
			);
			name = ToMatcho;
			packageProductDependencies = (
				B4463D7E27A4FFF300CC8BFB /* FirebaseAnalytics */,
				B4463D8027A4FFF300CC8BFB /* FirebaseAuth */,
				B4463D8227A4FFF300CC8BFB /* FirebaseDatabase */,
				B4463D8427A4FFF300CC8BFB /* FirebaseFirestore */,
			);
			productName = ToMatcho;
			productReference = B4311EB727911D6F000EC348 /* ToMatcho.app */;
			productType = "com.apple.product-type.application";
		};
		B4311ECF27911D72000EC348 /* ToMatchoTests */ = {
			isa = PBXNativeTarget;
			buildConfigurationList = B4311EE727911D72000EC348 /* Build configuration list for PBXNativeTarget "ToMatchoTests" */;
			buildPhases = (
				B4311ECC27911D72000EC348 /* Sources */,
				B4311ECD27911D72000EC348 /* Frameworks */,
				B4311ECE27911D72000EC348 /* Resources */,
			);
			buildRules = (
			);
			dependencies = (
				B4311ED227911D72000EC348 /* PBXTargetDependency */,
			);
			name = ToMatchoTests;
			productName = ToMatchoTests;
			productReference = B4311ED027911D72000EC348 /* ToMatchoTests.xctest */;
			productType = "com.apple.product-type.bundle.unit-test";
		};
		B4311ED927911D72000EC348 /* ToMatchoUITests */ = {
			isa = PBXNativeTarget;
			buildConfigurationList = B4311EEA27911D72000EC348 /* Build configuration list for PBXNativeTarget "ToMatchoUITests" */;
			buildPhases = (
				B4311ED627911D72000EC348 /* Sources */,
				B4311ED727911D72000EC348 /* Frameworks */,
				B4311ED827911D72000EC348 /* Resources */,
			);
			buildRules = (
			);
			dependencies = (
				B4311EDC27911D72000EC348 /* PBXTargetDependency */,
			);
			name = ToMatchoUITests;
			productName = ToMatchoUITests;
			productReference = B4311EDA27911D72000EC348 /* ToMatchoUITests.xctest */;
			productType = "com.apple.product-type.bundle.ui-testing";
		};
/* End PBXNativeTarget section */

/* Begin PBXProject section */
		B4311EAF27911D6F000EC348 /* Project object */ = {
			isa = PBXProject;
			attributes = {
				BuildIndependentTargetsInParallel = 1;
				LastSwiftUpdateCheck = 1310;
				LastUpgradeCheck = 1310;
				TargetAttributes = {
					B4311EB627911D6F000EC348 = {
						CreatedOnToolsVersion = 13.1;
					};
					B4311ECF27911D72000EC348 = {
						CreatedOnToolsVersion = 13.1;
						TestTargetID = B4311EB627911D6F000EC348;
					};
					B4311ED927911D72000EC348 = {
						CreatedOnToolsVersion = 13.1;
						TestTargetID = B4311EB627911D6F000EC348;
					};
				};
			};
			buildConfigurationList = B4311EB227911D6F000EC348 /* Build configuration list for PBXProject "ToMatcho" */;
			compatibilityVersion = "Xcode 13.0";
			developmentRegion = en;
			hasScannedForEncodings = 0;
			knownRegions = (
				en,
				Base,
			);
			mainGroup = B4311EAE27911D6F000EC348;
			packageReferences = (
				B4463D7D27A4FFF300CC8BFB /* XCRemoteSwiftPackageReference "firebase-ios-sdk" */,
			);
			productRefGroup = B4311EB827911D6F000EC348 /* Products */;
			projectDirPath = "";
			projectRoot = "";
			targets = (
				B4311EB627911D6F000EC348 /* ToMatcho */,
				B4311ECF27911D72000EC348 /* ToMatchoTests */,
				B4311ED927911D72000EC348 /* ToMatchoUITests */,
			);
		};
/* End PBXProject section */

/* Begin PBXResourcesBuildPhase section */
		B4311EB527911D6F000EC348 /* Resources */ = {
			isa = PBXResourcesBuildPhase;
			buildActionMask = 2147483647;
			files = (
				B4311ECA27911D71000EC348 /* LaunchScreen.storyboard in Resources */,
				1D7C28FD279150470040588E /* ToMatcho.storyboard in Resources */,
				B4F3EE0D27A162B900A54FA4 /* icon (1).png in Resources */,
				B447E8E327968A570000E862 /* GoogleService-Info.plist in Resources */,
				B4311EC727911D71000EC348 /* Assets.xcassets in Resources */,
				B40F76AD279A47CC006F5191 /* Admin.storyboard in Resources */,
				B4311EC227911D6F000EC348 /* Main.storyboard in Resources */,
			);
			runOnlyForDeploymentPostprocessing = 0;
		};
		B4311ECE27911D72000EC348 /* Resources */ = {
			isa = PBXResourcesBuildPhase;
			buildActionMask = 2147483647;
			files = (
			);
			runOnlyForDeploymentPostprocessing = 0;
		};
		B4311ED827911D72000EC348 /* Resources */ = {
			isa = PBXResourcesBuildPhase;
			buildActionMask = 2147483647;
			files = (
			);
			runOnlyForDeploymentPostprocessing = 0;
		};
/* End PBXResourcesBuildPhase section */

/* Begin PBXSourcesBuildPhase section */
		B4311EB327911D6F000EC348 /* Sources */ = {
			isa = PBXSourcesBuildPhase;
			buildActionMask = 2147483647;
			files = (
				B4A7E27327A5365500470A9C /* Teams.swift in Sources */,
				B42894B127A0F43600FB8403 /* AddGameViewController.swift in Sources */,
				1DAF580C27A138F200DD373C /* AddTeamViewController.swift in Sources */,
				7B90B4C727A586B900E8E680 /* UserAllTeamViewController.swift in Sources */,
				1DAF581227A161F900DD373C /* TeamRoles.swift in Sources */,
				B43E934E279D2105006DE37C /* AllGameViewController.swift in Sources */,
				1DAF581627A18A8E00DD373C /* AddTeamTableViewController.swift in Sources */,
				B43E9350279D2950006DE37C /* Game.swift in Sources */,
				B4A7E27127A534CC00470A9C /* MyTeamsViewController.swift in Sources */,
				B447E8E92796B5FF0000E862 /* TestViewController.swift in Sources */,
				B4311EC527911D6F000EC348 /* ToMatcho.xcdatamodeld in Sources */,
				B4311EBF27911D6F000EC348 /* ViewController.swift in Sources */,
				7B8A0D7327A63BBD008BE314 /* JoinTeamViewController.swift in Sources */,
				1DAF581027A161A700DD373C /* AddTeamRolesViewController.swift in Sources */,
				B41AF6E627A563B500936F73 /* UserTeamViewController.swift in Sources */,
				B49F8D7D27A6AA4800F7DCA1 /* RoleSelectionViewController.swift in Sources */,
				B4311EBB27911D6F000EC348 /* AppDelegate.swift in Sources */,
				1DAF581427A16C4B00DD373C /* TeamRolesController.swift in Sources */,
				B447E8E727968E840000E862 /* RegisterViewController.swift in Sources */,
				B447E8E527968D190000E862 /* LoginViewController.swift in Sources */,
				B4311EBD27911D6F000EC348 /* SceneDelegate.swift in Sources */,
				1DAF580A27A12AC600DD373C /* UserAllGameViewController.swift in Sources */,
			);
			runOnlyForDeploymentPostprocessing = 0;
		};
		B4311ECC27911D72000EC348 /* Sources */ = {
			isa = PBXSourcesBuildPhase;
			buildActionMask = 2147483647;
			files = (
			);
			runOnlyForDeploymentPostprocessing = 0;
		};
		B4311ED627911D72000EC348 /* Sources */ = {
			isa = PBXSourcesBuildPhase;
			buildActionMask = 2147483647;
			files = (
			);
			runOnlyForDeploymentPostprocessing = 0;
		};
/* End PBXSourcesBuildPhase section */

/* Begin PBXTargetDependency section */
		B4311ED227911D72000EC348 /* PBXTargetDependency */ = {
			isa = PBXTargetDependency;
			target = B4311EB627911D6F000EC348 /* ToMatcho */;
			targetProxy = B4311ED127911D72000EC348 /* PBXContainerItemProxy */;
		};
		B4311EDC27911D72000EC348 /* PBXTargetDependency */ = {
			isa = PBXTargetDependency;
			target = B4311EB627911D6F000EC348 /* ToMatcho */;
			targetProxy = B4311EDB27911D72000EC348 /* PBXContainerItemProxy */;
		};
/* End PBXTargetDependency section */

/* Begin PBXVariantGroup section */
		B4311EC027911D6F000EC348 /* Main.storyboard */ = {
			isa = PBXVariantGroup;
			children = (
				B4311EC127911D6F000EC348 /* Base */,
			);
			name = Main.storyboard;
			sourceTree = "<group>";
		};
		B4311EC827911D71000EC348 /* LaunchScreen.storyboard */ = {
			isa = PBXVariantGroup;
			children = (
				B4311EC927911D71000EC348 /* Base */,
			);
			name = LaunchScreen.storyboard;
			sourceTree = "<group>";
		};
/* End PBXVariantGroup section */

/* Begin XCBuildConfiguration section */
		B4311EE227911D72000EC348 /* Debug */ = {
			isa = XCBuildConfiguration;
			buildSettings = {
				ALWAYS_SEARCH_USER_PATHS = NO;
				CLANG_ANALYZER_NONNULL = YES;
				CLANG_ANALYZER_NUMBER_OBJECT_CONVERSION = YES_AGGRESSIVE;
				CLANG_CXX_LANGUAGE_STANDARD = "gnu++17";
				CLANG_CXX_LIBRARY = "libc++";
				CLANG_ENABLE_MODULES = YES;
				CLANG_ENABLE_OBJC_ARC = YES;
				CLANG_ENABLE_OBJC_WEAK = YES;
				CLANG_WARN_BLOCK_CAPTURE_AUTORELEASING = YES;
				CLANG_WARN_BOOL_CONVERSION = YES;
				CLANG_WARN_COMMA = YES;
				CLANG_WARN_CONSTANT_CONVERSION = YES;
				CLANG_WARN_DEPRECATED_OBJC_IMPLEMENTATIONS = YES;
				CLANG_WARN_DIRECT_OBJC_ISA_USAGE = YES_ERROR;
				CLANG_WARN_DOCUMENTATION_COMMENTS = YES;
				CLANG_WARN_EMPTY_BODY = YES;
				CLANG_WARN_ENUM_CONVERSION = YES;
				CLANG_WARN_INFINITE_RECURSION = YES;
				CLANG_WARN_INT_CONVERSION = YES;
				CLANG_WARN_NON_LITERAL_NULL_CONVERSION = YES;
				CLANG_WARN_OBJC_IMPLICIT_RETAIN_SELF = YES;
				CLANG_WARN_OBJC_LITERAL_CONVERSION = YES;
				CLANG_WARN_OBJC_ROOT_CLASS = YES_ERROR;
				CLANG_WARN_QUOTED_INCLUDE_IN_FRAMEWORK_HEADER = YES;
				CLANG_WARN_RANGE_LOOP_ANALYSIS = YES;
				CLANG_WARN_STRICT_PROTOTYPES = YES;
				CLANG_WARN_SUSPICIOUS_MOVE = YES;
				CLANG_WARN_UNGUARDED_AVAILABILITY = YES_AGGRESSIVE;
				CLANG_WARN_UNREACHABLE_CODE = YES;
				CLANG_WARN__DUPLICATE_METHOD_MATCH = YES;
				COPY_PHASE_STRIP = NO;
				DEBUG_INFORMATION_FORMAT = dwarf;
				ENABLE_STRICT_OBJC_MSGSEND = YES;
				ENABLE_TESTABILITY = YES;
				GCC_C_LANGUAGE_STANDARD = gnu11;
				GCC_DYNAMIC_NO_PIC = NO;
				GCC_NO_COMMON_BLOCKS = YES;
				GCC_OPTIMIZATION_LEVEL = 0;
				GCC_PREPROCESSOR_DEFINITIONS = (
					"DEBUG=1",
					"$(inherited)",
				);
				GCC_WARN_64_TO_32_BIT_CONVERSION = YES;
				GCC_WARN_ABOUT_RETURN_TYPE = YES_ERROR;
				GCC_WARN_UNDECLARED_SELECTOR = YES;
				GCC_WARN_UNINITIALIZED_AUTOS = YES_AGGRESSIVE;
				GCC_WARN_UNUSED_FUNCTION = YES;
				GCC_WARN_UNUSED_VARIABLE = YES;
				IPHONEOS_DEPLOYMENT_TARGET = 15.0;
				MTL_ENABLE_DEBUG_INFO = INCLUDE_SOURCE;
				MTL_FAST_MATH = YES;
				ONLY_ACTIVE_ARCH = YES;
				SDKROOT = iphoneos;
				SWIFT_ACTIVE_COMPILATION_CONDITIONS = DEBUG;
				SWIFT_OPTIMIZATION_LEVEL = "-Onone";
			};
			name = Debug;
		};
		B4311EE327911D72000EC348 /* Release */ = {
			isa = XCBuildConfiguration;
			buildSettings = {
				ALWAYS_SEARCH_USER_PATHS = NO;
				CLANG_ANALYZER_NONNULL = YES;
				CLANG_ANALYZER_NUMBER_OBJECT_CONVERSION = YES_AGGRESSIVE;
				CLANG_CXX_LANGUAGE_STANDARD = "gnu++17";
				CLANG_CXX_LIBRARY = "libc++";
				CLANG_ENABLE_MODULES = YES;
				CLANG_ENABLE_OBJC_ARC = YES;
				CLANG_ENABLE_OBJC_WEAK = YES;
				CLANG_WARN_BLOCK_CAPTURE_AUTORELEASING = YES;
				CLANG_WARN_BOOL_CONVERSION = YES;
				CLANG_WARN_COMMA = YES;
				CLANG_WARN_CONSTANT_CONVERSION = YES;
				CLANG_WARN_DEPRECATED_OBJC_IMPLEMENTATIONS = YES;
				CLANG_WARN_DIRECT_OBJC_ISA_USAGE = YES_ERROR;
				CLANG_WARN_DOCUMENTATION_COMMENTS = YES;
				CLANG_WARN_EMPTY_BODY = YES;
				CLANG_WARN_ENUM_CONVERSION = YES;
				CLANG_WARN_INFINITE_RECURSION = YES;
				CLANG_WARN_INT_CONVERSION = YES;
				CLANG_WARN_NON_LITERAL_NULL_CONVERSION = YES;
				CLANG_WARN_OBJC_IMPLICIT_RETAIN_SELF = YES;
				CLANG_WARN_OBJC_LITERAL_CONVERSION = YES;
				CLANG_WARN_OBJC_ROOT_CLASS = YES_ERROR;
				CLANG_WARN_QUOTED_INCLUDE_IN_FRAMEWORK_HEADER = YES;
				CLANG_WARN_RANGE_LOOP_ANALYSIS = YES;
				CLANG_WARN_STRICT_PROTOTYPES = YES;
				CLANG_WARN_SUSPICIOUS_MOVE = YES;
				CLANG_WARN_UNGUARDED_AVAILABILITY = YES_AGGRESSIVE;
				CLANG_WARN_UNREACHABLE_CODE = YES;
				CLANG_WARN__DUPLICATE_METHOD_MATCH = YES;
				COPY_PHASE_STRIP = NO;
				DEBUG_INFORMATION_FORMAT = "dwarf-with-dsym";
				ENABLE_NS_ASSERTIONS = NO;
				ENABLE_STRICT_OBJC_MSGSEND = YES;
				GCC_C_LANGUAGE_STANDARD = gnu11;
				GCC_NO_COMMON_BLOCKS = YES;
				GCC_WARN_64_TO_32_BIT_CONVERSION = YES;
				GCC_WARN_ABOUT_RETURN_TYPE = YES_ERROR;
				GCC_WARN_UNDECLARED_SELECTOR = YES;
				GCC_WARN_UNINITIALIZED_AUTOS = YES_AGGRESSIVE;
				GCC_WARN_UNUSED_FUNCTION = YES;
				GCC_WARN_UNUSED_VARIABLE = YES;
				IPHONEOS_DEPLOYMENT_TARGET = 15.0;
				MTL_ENABLE_DEBUG_INFO = NO;
				MTL_FAST_MATH = YES;
				SDKROOT = iphoneos;
				SWIFT_COMPILATION_MODE = wholemodule;
				SWIFT_OPTIMIZATION_LEVEL = "-O";
				VALIDATE_PRODUCT = YES;
			};
			name = Release;
		};
		B4311EE527911D72000EC348 /* Debug */ = {
			isa = XCBuildConfiguration;
			buildSettings = {
				ASSETCATALOG_COMPILER_APPICON_NAME = AppIcon;
				ASSETCATALOG_COMPILER_GLOBAL_ACCENT_COLOR_NAME = AccentColor;
				CODE_SIGN_STYLE = Automatic;
				CURRENT_PROJECT_VERSION = 1;
				GENERATE_INFOPLIST_FILE = YES;
				INFOPLIST_FILE = ToMatcho/Info.plist;
				INFOPLIST_KEY_UIApplicationSupportsIndirectInputEvents = YES;
				INFOPLIST_KEY_UILaunchStoryboardName = LaunchScreen;
				INFOPLIST_KEY_UIMainStoryboardFile = Main;
				INFOPLIST_KEY_UISupportedInterfaceOrientations = UIInterfaceOrientationPortrait;
				INFOPLIST_KEY_UISupportedInterfaceOrientations_iPad = "UIInterfaceOrientationPortrait UIInterfaceOrientationPortraitUpsideDown UIInterfaceOrientationLandscapeLeft UIInterfaceOrientationLandscapeRight";
				INFOPLIST_KEY_UISupportedInterfaceOrientations_iPhone = "UIInterfaceOrientationPortrait UIInterfaceOrientationLandscapeLeft UIInterfaceOrientationLandscapeRight";
				IPHONEOS_DEPLOYMENT_TARGET = 15.0;
				LD_RUNPATH_SEARCH_PATHS = (
					"$(inherited)",
					"@executable_path/Frameworks",
				);
				MARKETING_VERSION = 1.0;
				PRODUCT_BUNDLE_IDENTIFIER = sg.mad2.ToMatcho;
				PRODUCT_NAME = "$(TARGET_NAME)";
				SWIFT_EMIT_LOC_STRINGS = YES;
				SWIFT_VERSION = 5.0;
				TARGETED_DEVICE_FAMILY = "1,2";
			};
			name = Debug;
		};
		B4311EE627911D72000EC348 /* Release */ = {
			isa = XCBuildConfiguration;
			buildSettings = {
				ASSETCATALOG_COMPILER_APPICON_NAME = AppIcon;
				ASSETCATALOG_COMPILER_GLOBAL_ACCENT_COLOR_NAME = AccentColor;
				CODE_SIGN_STYLE = Automatic;
				CURRENT_PROJECT_VERSION = 1;
				GENERATE_INFOPLIST_FILE = YES;
				INFOPLIST_FILE = ToMatcho/Info.plist;
				INFOPLIST_KEY_UIApplicationSupportsIndirectInputEvents = YES;
				INFOPLIST_KEY_UILaunchStoryboardName = LaunchScreen;
				INFOPLIST_KEY_UIMainStoryboardFile = Main;
				INFOPLIST_KEY_UISupportedInterfaceOrientations = UIInterfaceOrientationPortrait;
				INFOPLIST_KEY_UISupportedInterfaceOrientations_iPad = "UIInterfaceOrientationPortrait UIInterfaceOrientationPortraitUpsideDown UIInterfaceOrientationLandscapeLeft UIInterfaceOrientationLandscapeRight";
				INFOPLIST_KEY_UISupportedInterfaceOrientations_iPhone = "UIInterfaceOrientationPortrait UIInterfaceOrientationLandscapeLeft UIInterfaceOrientationLandscapeRight";
				IPHONEOS_DEPLOYMENT_TARGET = 15.0;
				LD_RUNPATH_SEARCH_PATHS = (
					"$(inherited)",
					"@executable_path/Frameworks",
				);
				MARKETING_VERSION = 1.0;
				PRODUCT_BUNDLE_IDENTIFIER = sg.mad2.ToMatcho;
				PRODUCT_NAME = "$(TARGET_NAME)";
				SWIFT_EMIT_LOC_STRINGS = YES;
				SWIFT_VERSION = 5.0;
				TARGETED_DEVICE_FAMILY = "1,2";
			};
			name = Release;
		};
		B4311EE827911D72000EC348 /* Debug */ = {
			isa = XCBuildConfiguration;
			buildSettings = {
				ALWAYS_EMBED_SWIFT_STANDARD_LIBRARIES = YES;
				BUNDLE_LOADER = "$(TEST_HOST)";
				CODE_SIGN_STYLE = Automatic;
				CURRENT_PROJECT_VERSION = 1;
				GENERATE_INFOPLIST_FILE = YES;
				IPHONEOS_DEPLOYMENT_TARGET = 15.0;
				LD_RUNPATH_SEARCH_PATHS = (
					"$(inherited)",
					"@executable_path/Frameworks",
					"@loader_path/Frameworks",
				);
				MARKETING_VERSION = 1.0;
				PRODUCT_BUNDLE_IDENTIFIER = sg.mad2.ToMatchoTests;
				PRODUCT_NAME = "$(TARGET_NAME)";
				SWIFT_EMIT_LOC_STRINGS = NO;
				SWIFT_VERSION = 5.0;
				TARGETED_DEVICE_FAMILY = "1,2";
				TEST_HOST = "$(BUILT_PRODUCTS_DIR)/ToMatcho.app/ToMatcho";
			};
			name = Debug;
		};
		B4311EE927911D72000EC348 /* Release */ = {
			isa = XCBuildConfiguration;
			buildSettings = {
				ALWAYS_EMBED_SWIFT_STANDARD_LIBRARIES = YES;
				BUNDLE_LOADER = "$(TEST_HOST)";
				CODE_SIGN_STYLE = Automatic;
				CURRENT_PROJECT_VERSION = 1;
				GENERATE_INFOPLIST_FILE = YES;
				IPHONEOS_DEPLOYMENT_TARGET = 15.0;
				LD_RUNPATH_SEARCH_PATHS = (
					"$(inherited)",
					"@executable_path/Frameworks",
					"@loader_path/Frameworks",
				);
				MARKETING_VERSION = 1.0;
				PRODUCT_BUNDLE_IDENTIFIER = sg.mad2.ToMatchoTests;
				PRODUCT_NAME = "$(TARGET_NAME)";
				SWIFT_EMIT_LOC_STRINGS = NO;
				SWIFT_VERSION = 5.0;
				TARGETED_DEVICE_FAMILY = "1,2";
				TEST_HOST = "$(BUILT_PRODUCTS_DIR)/ToMatcho.app/ToMatcho";
			};
			name = Release;
		};
		B4311EEB27911D72000EC348 /* Debug */ = {
			isa = XCBuildConfiguration;
			buildSettings = {
				ALWAYS_EMBED_SWIFT_STANDARD_LIBRARIES = YES;
				CODE_SIGN_STYLE = Automatic;
				CURRENT_PROJECT_VERSION = 1;
				GENERATE_INFOPLIST_FILE = YES;
				LD_RUNPATH_SEARCH_PATHS = (
					"$(inherited)",
					"@executable_path/Frameworks",
					"@loader_path/Frameworks",
				);
				MARKETING_VERSION = 1.0;
				PRODUCT_BUNDLE_IDENTIFIER = sg.mad2.ToMatchoUITests;
				PRODUCT_NAME = "$(TARGET_NAME)";
				SWIFT_EMIT_LOC_STRINGS = NO;
				SWIFT_VERSION = 5.0;
				TARGETED_DEVICE_FAMILY = "1,2";
				TEST_TARGET_NAME = ToMatcho;
			};
			name = Debug;
		};
		B4311EEC27911D72000EC348 /* Release */ = {
			isa = XCBuildConfiguration;
			buildSettings = {
				ALWAYS_EMBED_SWIFT_STANDARD_LIBRARIES = YES;
				CODE_SIGN_STYLE = Automatic;
				CURRENT_PROJECT_VERSION = 1;
				GENERATE_INFOPLIST_FILE = YES;
				LD_RUNPATH_SEARCH_PATHS = (
					"$(inherited)",
					"@executable_path/Frameworks",
					"@loader_path/Frameworks",
				);
				MARKETING_VERSION = 1.0;
				PRODUCT_BUNDLE_IDENTIFIER = sg.mad2.ToMatchoUITests;
				PRODUCT_NAME = "$(TARGET_NAME)";
				SWIFT_EMIT_LOC_STRINGS = NO;
				SWIFT_VERSION = 5.0;
				TARGETED_DEVICE_FAMILY = "1,2";
				TEST_TARGET_NAME = ToMatcho;
			};
			name = Release;
		};
/* End XCBuildConfiguration section */

/* Begin XCConfigurationList section */
		B4311EB227911D6F000EC348 /* Build configuration list for PBXProject "ToMatcho" */ = {
			isa = XCConfigurationList;
			buildConfigurations = (
				B4311EE227911D72000EC348 /* Debug */,
				B4311EE327911D72000EC348 /* Release */,
			);
			defaultConfigurationIsVisible = 0;
			defaultConfigurationName = Release;
		};
		B4311EE427911D72000EC348 /* Build configuration list for PBXNativeTarget "ToMatcho" */ = {
			isa = XCConfigurationList;
			buildConfigurations = (
				B4311EE527911D72000EC348 /* Debug */,
				B4311EE627911D72000EC348 /* Release */,
			);
			defaultConfigurationIsVisible = 0;
			defaultConfigurationName = Release;
		};
		B4311EE727911D72000EC348 /* Build configuration list for PBXNativeTarget "ToMatchoTests" */ = {
			isa = XCConfigurationList;
			buildConfigurations = (
				B4311EE827911D72000EC348 /* Debug */,
				B4311EE927911D72000EC348 /* Release */,
			);
			defaultConfigurationIsVisible = 0;
			defaultConfigurationName = Release;
		};
		B4311EEA27911D72000EC348 /* Build configuration list for PBXNativeTarget "ToMatchoUITests" */ = {
			isa = XCConfigurationList;
			buildConfigurations = (
				B4311EEB27911D72000EC348 /* Debug */,
				B4311EEC27911D72000EC348 /* Release */,
			);
			defaultConfigurationIsVisible = 0;
			defaultConfigurationName = Release;
		};
/* End XCConfigurationList section */

/* Begin XCRemoteSwiftPackageReference section */
		B4463D7D27A4FFF300CC8BFB /* XCRemoteSwiftPackageReference "firebase-ios-sdk" */ = {
			isa = XCRemoteSwiftPackageReference;
			repositoryURL = "https://github.com/firebase/firebase-ios-sdk";
			requirement = {
				branch = master;
				kind = branch;
			};
		};
/* End XCRemoteSwiftPackageReference section */

/* Begin XCSwiftPackageProductDependency section */
		B4463D7E27A4FFF300CC8BFB /* FirebaseAnalytics */ = {
			isa = XCSwiftPackageProductDependency;
			package = B4463D7D27A4FFF300CC8BFB /* XCRemoteSwiftPackageReference "firebase-ios-sdk" */;
			productName = FirebaseAnalytics;
		};
		B4463D8027A4FFF300CC8BFB /* FirebaseAuth */ = {
			isa = XCSwiftPackageProductDependency;
			package = B4463D7D27A4FFF300CC8BFB /* XCRemoteSwiftPackageReference "firebase-ios-sdk" */;
			productName = FirebaseAuth;
		};
		B4463D8227A4FFF300CC8BFB /* FirebaseDatabase */ = {
			isa = XCSwiftPackageProductDependency;
			package = B4463D7D27A4FFF300CC8BFB /* XCRemoteSwiftPackageReference "firebase-ios-sdk" */;
			productName = FirebaseDatabase;
		};
		B4463D8427A4FFF300CC8BFB /* FirebaseFirestore */ = {
			isa = XCSwiftPackageProductDependency;
			package = B4463D7D27A4FFF300CC8BFB /* XCRemoteSwiftPackageReference "firebase-ios-sdk" */;
			productName = FirebaseFirestore;
		};
/* End XCSwiftPackageProductDependency section */

/* Begin XCVersionGroup section */
		B4311EC327911D6F000EC348 /* ToMatcho.xcdatamodeld */ = {
			isa = XCVersionGroup;
			children = (
				B4311EC427911D6F000EC348 /* ToMatcho.xcdatamodel */,
			);
			currentVersion = B4311EC427911D6F000EC348 /* ToMatcho.xcdatamodel */;
			path = ToMatcho.xcdatamodeld;
			sourceTree = "<group>";
			versionGroupType = wrapper.xcdatamodel;
		};
/* End XCVersionGroup section */
	};
	rootObject = B4311EAF27911D6F000EC348 /* Project object */;
}
